
Microsoft Visual Studio Solution File, Format Version 12.00
# Visual Studio 15
VisualStudioVersion = 15.0.28307.489
MinimumVisualStudioVersion = 10.0.40219.1
Project("{FAE04EC0-301F-11D3-BF4B-00C04F79EFBC}") = "program1", "program1\program1.csproj", "{D9FE12FA-B9AD-432D-9A3A-6A1F5AC4032F}"
EndProject
Global
	GlobalSection(SolutionConfigurationPlatforms) = preSolution
		Debug|Any CPU = Debug|Any CPU
		Release|Any CPU = Release|Any CPU
	EndGlobalSection
	GlobalSection(ProjectConfigurationPlatforms) = postSolution
		{D9FE12FA-B9AD-432D-9A3A-6A1F5AC4032F}.Debug|Any CPU.ActiveCfg = Debug|Any CPU
		{D9FE12FA-B9AD-432D-9A3A-6A1F5AC4032F}.Debug|Any CPU.Build.0 = Debug|Any CPU
		{D9FE12FA-B9AD-432D-9A3A-6A1F5AC4032F}.Release|Any CPU.ActiveCfg = Release|Any CPU
		{D9FE12FA-B9AD-432D-9A3A-6A1F5AC4032F}.Release|Any CPU.Build.0 = Release|Any CPU
	EndGlobalSection
	GlobalSection(SolutionProperties) = preSolution
		HideSolutionNode = FALSE
	EndGlobalSection
	GlobalSection(ExtensibilityGlobals) = postSolution
		SolutionGuid = {28E9931B-D5F3-4FD5-88B8-FBF004F8DBFE}
	EndGlobalSection
EndGlobal
